
Microsoft Visual Studio Solution File, Format Version 12.00
# Visual Studio Version 17
VisualStudioVersion = 17.1.32319.34
MinimumVisualStudioVersion = 10.0.40219.1
Project("{9A19103F-16F7-4668-BE54-9A1E7A4F7556}") = "ElprisData", "ElprisData\ElprisData.csproj", "{7F91214E-F639-4BA1-9A3D-17846E35B491}"
EndProject
Project("{9A19103F-16F7-4668-BE54-9A1E7A4F7556}") = "ElprisProducer", "ElprisProducer\ElprisProducer.csproj", "{D8B39521-2166-444E-BCEC-F22C03C51407}"
EndProject
Project("{9A19103F-16F7-4668-BE54-9A1E7A4F7556}") = "ElprisRequester", "ElprisRequester\ElprisRequester.csproj", "{442093B0-843A-43C3-A6FD-48148DAFE540}"
EndProject
Global
	GlobalSection(SolutionConfigurationPlatforms) = preSolution
		Debug|Any CPU = Debug|Any CPU
		Release|Any CPU = Release|Any CPU
	EndGlobalSection
	GlobalSection(ProjectConfigurationPlatforms) = postSolution
		{7F91214E-F639-4BA1-9A3D-17846E35B491}.Debug|Any CPU.ActiveCfg = Debug|Any CPU
		{7F91214E-F639-4BA1-9A3D-17846E35B491}.Debug|Any CPU.Build.0 = Debug|Any CPU
		{7F91214E-F639-4BA1-9A3D-17846E35B491}.Release|Any CPU.ActiveCfg = Release|Any CPU
		{7F91214E-F639-4BA1-9A3D-17846E35B491}.Release|Any CPU.Build.0 = Release|Any CPU
		{D8B39521-2166-444E-BCEC-F22C03C51407}.Debug|Any CPU.ActiveCfg = Debug|Any CPU
		{D8B39521-2166-444E-BCEC-F22C03C51407}.Debug|Any CPU.Build.0 = Debug|Any CPU
		{D8B39521-2166-444E-BCEC-F22C03C51407}.Release|Any CPU.ActiveCfg = Release|Any CPU
		{D8B39521-2166-444E-BCEC-F22C03C51407}.Release|Any CPU.Build.0 = Release|Any CPU
		{442093B0-843A-43C3-A6FD-48148DAFE540}.Debug|Any CPU.ActiveCfg = Debug|Any CPU
		{442093B0-843A-43C3-A6FD-48148DAFE540}.Debug|Any CPU.Build.0 = Debug|Any CPU
		{442093B0-843A-43C3-A6FD-48148DAFE540}.Release|Any CPU.ActiveCfg = Release|Any CPU
		{442093B0-843A-43C3-A6FD-48148DAFE540}.Release|Any CPU.Build.0 = Release|Any CPU
	EndGlobalSection
	GlobalSection(SolutionProperties) = preSolution
		HideSolutionNode = FALSE
	EndGlobalSection
	GlobalSection(ExtensibilityGlobals) = postSolution
		SolutionGuid = {0BAFA817-6B50-40A9-9B36-ABC6CEA753AB}
	EndGlobalSection
EndGlobal
