
Microsoft Visual Studio Solution File, Format Version 12.00
# Visual Studio Version 17
VisualStudioVersion = 17.1.32319.34
MinimumVisualStudioVersion = 10.0.40219.1
Project("{9A19103F-16F7-4668-BE54-9A1E7A4F7556}") = "ElprisData", "ElprisData.csproj", "{AF5CE7D8-1E44-425F-8103-8E34783EDF17}"
EndProject
Global
	GlobalSection(SolutionConfigurationPlatforms) = preSolution
		Debug|Any CPU = Debug|Any CPU
		Release|Any CPU = Release|Any CPU
	EndGlobalSection
	GlobalSection(ProjectConfigurationPlatforms) = postSolution
		{AF5CE7D8-1E44-425F-8103-8E34783EDF17}.Debug|Any CPU.ActiveCfg = Debug|Any CPU
		{AF5CE7D8-1E44-425F-8103-8E34783EDF17}.Debug|Any CPU.Build.0 = Debug|Any CPU
		{AF5CE7D8-1E44-425F-8103-8E34783EDF17}.Release|Any CPU.ActiveCfg = Release|Any CPU
		{AF5CE7D8-1E44-425F-8103-8E34783EDF17}.Release|Any CPU.Build.0 = Release|Any CPU
	EndGlobalSection
	GlobalSection(SolutionProperties) = preSolution
		HideSolutionNode = FALSE
	EndGlobalSection
	GlobalSection(ExtensibilityGlobals) = postSolution
		SolutionGuid = {470927DD-6B69-4631-AA53-4255445A0DC9}
	EndGlobalSection
EndGlobal
